GEM
  remote: https://rubygems.org/
  specs:
    activemodel (7.1.0)
    activerecord (7.1.0)
    activesupport (7.1.0)
    async (2.6.0)
    async-io (1.38.0)
    benchmark-ips (2.12.0)
    debug (1.9.0)
    dotenv (2.8.1)
    dry-monads (1.6.0)
    dry-struct (1.6.0)
    dry-types (1.7.0)
    falcon (0.43.0)
    pg (1.5.4)
    puma (6.4.0)
    rack (3.0.0)
    rom (5.3.0)
    rom-sql (3.6.0)
    rspec (3.12.0)
    sequel (5.75.0)

PLATFORMS
  ruby

DEPENDENCIES
  activerecord (~> 7.1.0)
  async (~> 2.6)
  async-io (~> 1.38)
  benchmark-ips (~> 2.12)
  debug
  dotenv (~> 2.8)
  dry-monads (~> 1.6)
  dry-struct (~> 1.6)
  dry-types (~> 1.7)
  falcon (~> 0.43)
  pg (~> 1.5)
  puma (~> 6.4)
  rack (~> 3.0)
  rom (~> 5.3)
  rom-sql (~> 3.6)
  rspec (~> 3.12)
  sequel (~> 5.75)

RUBY VERSION
   ruby 3.2.0p0

BUNDLED WITH
   2.4.0
